
Microsoft Visual Studio Solution File, Format Version 12.00
# Visual Studio Version 16
VisualStudioVersion = 16.0.29102.190
MinimumVisualStudioVersion = 10.0.40219.1
Project("{FAE04EC0-301F-11D3-BF4B-00C04F79EFBC}") = "CarFactoryView", "CarFactoryView.csproj", "{E1016F7B-6207-4B07-9647-12D7E8233567}"
EndProject
Project("{9A19103F-16F7-4668-BE54-9A1E7A4F7556}") = "CarFactoryBusinessLogic", "..\CarFactoryBusinessLogic\CarFactoryBusinessLogic.csproj", "{41496446-87A9-4320-B731-2418484A2F83}"
EndProject
Project("{9A19103F-16F7-4668-BE54-9A1E7A4F7556}") = "CarFactoryListImplement", "..\CarFactoryListImplement\CarFactoryListImplement.csproj", "{64BDE202-00F4-4C00-A9A8-28867ED9B7C0}"
EndProject
Project("{9A19103F-16F7-4668-BE54-9A1E7A4F7556}") = "CarFactoryFileImplement", "..\CarFactoryFileImplement\CarFactoryFileImplement.csproj", "{A556DC99-4A20-471D-BC1E-733B29B61015}"
EndProject
Project("{FAE04EC0-301F-11D3-BF4B-00C04F79EFBC}") = "CarFactoryDatabaseImplement", "..\CarFactoryDatabaseImplement\CarFactoryDatabaseImplement.csproj", "{0EC815E4-5862-4EA7-8F36-5A58F10AFA10}"
EndProject
Global
	GlobalSection(SolutionConfigurationPlatforms) = preSolution
		Debug|Any CPU = Debug|Any CPU
		Release|Any CPU = Release|Any CPU
	EndGlobalSection
	GlobalSection(ProjectConfigurationPlatforms) = postSolution
		{E1016F7B-6207-4B07-9647-12D7E8233567}.Debug|Any CPU.ActiveCfg = Debug|Any CPU
		{E1016F7B-6207-4B07-9647-12D7E8233567}.Debug|Any CPU.Build.0 = Debug|Any CPU
		{E1016F7B-6207-4B07-9647-12D7E8233567}.Release|Any CPU.ActiveCfg = Release|Any CPU
		{E1016F7B-6207-4B07-9647-12D7E8233567}.Release|Any CPU.Build.0 = Release|Any CPU
		{41496446-87A9-4320-B731-2418484A2F83}.Debug|Any CPU.ActiveCfg = Debug|Any CPU
		{41496446-87A9-4320-B731-2418484A2F83}.Debug|Any CPU.Build.0 = Debug|Any CPU
		{41496446-87A9-4320-B731-2418484A2F83}.Release|Any CPU.ActiveCfg = Release|Any CPU
		{41496446-87A9-4320-B731-2418484A2F83}.Release|Any CPU.Build.0 = Release|Any CPU
		{64BDE202-00F4-4C00-A9A8-28867ED9B7C0}.Debug|Any CPU.ActiveCfg = Debug|Any CPU
		{64BDE202-00F4-4C00-A9A8-28867ED9B7C0}.Debug|Any CPU.Build.0 = Debug|Any CPU
		{64BDE202-00F4-4C00-A9A8-28867ED9B7C0}.Release|Any CPU.ActiveCfg = Release|Any CPU
		{64BDE202-00F4-4C00-A9A8-28867ED9B7C0}.Release|Any CPU.Build.0 = Release|Any CPU
		{A556DC99-4A20-471D-BC1E-733B29B61015}.Debug|Any CPU.ActiveCfg = Debug|Any CPU
		{A556DC99-4A20-471D-BC1E-733B29B61015}.Debug|Any CPU.Build.0 = Debug|Any CPU
		{A556DC99-4A20-471D-BC1E-733B29B61015}.Release|Any CPU.ActiveCfg = Release|Any CPU
		{A556DC99-4A20-471D-BC1E-733B29B61015}.Release|Any CPU.Build.0 = Release|Any CPU
		{0EC815E4-5862-4EA7-8F36-5A58F10AFA10}.Debug|Any CPU.ActiveCfg = Debug|Any CPU
		{0EC815E4-5862-4EA7-8F36-5A58F10AFA10}.Debug|Any CPU.Build.0 = Debug|Any CPU
		{0EC815E4-5862-4EA7-8F36-5A58F10AFA10}.Release|Any CPU.ActiveCfg = Release|Any CPU
		{0EC815E4-5862-4EA7-8F36-5A58F10AFA10}.Release|Any CPU.Build.0 = Release|Any CPU
	EndGlobalSection
	GlobalSection(SolutionProperties) = preSolution
		HideSolutionNode = FALSE
	EndGlobalSection
	GlobalSection(ExtensibilityGlobals) = postSolution
		SolutionGuid = {7AB5A2C6-561B-4C5B-B51A-66AB8649DB35}
	EndGlobalSection
EndGlobal
